Microsoft Visual Studio Solution File, Format Version 12.00
# Visual Studio Version 17
VisualStudioVersion = 17.5.2.0
MinimumVisualStudioVersion = 10.0.40219.1
Project("{FAE04EC0-301F-11D3-BF4B-00C04F79EFBC}") = "lab11v2", "lab11v2.csproj", "{DBCD6850-C054-E43A-288E-5268F23A78BF}"
EndProject
Global
	GlobalSection(SolutionConfigurationPlatforms) = preSolution
		Debug|Any CPU = Debug|Any CPU
		Release|Any CPU = Release|Any CPU
	EndGlobalSection
	GlobalSection(ProjectConfigurationPlatforms) = postSolution
		{DBCD6850-C054-E43A-288E-5268F23A78BF}.Debug|Any CPU.ActiveCfg = Debug|Any CPU
		{DBCD6850-C054-E43A-288E-5268F23A78BF}.Debug|Any CPU.Build.0 = Debug|Any CPU
		{DBCD6850-C054-E43A-288E-5268F23A78BF}.Release|Any CPU.ActiveCfg = Release|Any CPU
		{DBCD6850-C054-E43A-288E-5268F23A78BF}.Release|Any CPU.Build.0 = Release|Any CPU
	EndGlobalSection
	GlobalSection(SolutionProperties) = preSolution
		HideSolutionNode = FALSE
	EndGlobalSection
	GlobalSection(ExtensibilityGlobals) = postSolution
		SolutionGuid = {F2CA1949-6D01-42B2-93BB-C770C8AF08D2}
	EndGlobalSection
EndGlobal
